<Solution>
  <Project Path="FractalBlazor.Components.Common/FractalBlazor.Components.Common.csproj" Id="45542248-574f-48cf-8c6f-3dde5ae4cf8b" />
  <Project Path="FractalBlazor.Components.Forms/FractalBlazor.Components.Forms.csproj" />
  <Project Path="FractalBlazor.Components.Layout/FractalBlazor.Components.Layout.csproj" />
  <Project Path="FractalBlazor.Components.Tools/FractalBlazor.Components.Tools.csproj" Id="df095f25-2c5b-4917-a768-30a4c8e5c10d" />
  <Project Path="FractalBlazor.Components/FractalBlazor.Components.csproj" />
  <Project Path="FractalBlazor.Demo.States/FractalBlazor.Demo.States.csproj" Id="8d74da3e-4279-43c1-867c-44866316cd9b" />
</Solution>
